// !$*UTF8*$!
{
	archiveVersion = 1;
	classes = {
	};
	objectVersion = 56;
	objects = {

/* Begin PBXBuildFile section */
		4589ACF22B84CB5A00CC79A0 /* Elevator.swift in Sources */ = {isa = PBXBuildFile; fileRef = 4589ACF12B84CB5A00CC79A0 /* Elevator.swift */; };
		4589ACF42B84D05A00CC79A0 /* Diff.swift in Sources */ = {isa = PBXBuildFile; fileRef = 4589ACF32B84D05A00CC79A0 /* Diff.swift */; };
		4589ACF62B84D65700CC79A0 /* Choice.swift in Sources */ = {isa = PBXBuildFile; fileRef = 4589ACF52B84D65700CC79A0 /* Choice.swift */; };
		458C31962B862FA300667986 /* Selection.swift in Sources */ = {isa = PBXBuildFile; fileRef = 458C31952B862FA300667986 /* Selection.swift */; };
		458C31982B86345300667986 /* Nil.swift in Sources */ = {isa = PBXBuildFile; fileRef = 458C31972B86345300667986 /* Nil.swift */; };
		45F312E92B8075C800B13BC1 /* FastSwiftBasicApp.swift in Sources */ = {isa = PBXBuildFile; fileRef = 45F312E82B8075C800B13BC1 /* FastSwiftBasicApp.swift */; };
		45F312EB2B8075C800B13BC1 /* ContentView.swift in Sources */ = {isa = PBXBuildFile; fileRef = 45F312EA2B8075C800B13BC1 /* ContentView.swift */; };
		45F312ED2B8075CA00B13BC1 /* Assets.xcassets in Resources */ = {isa = PBXBuildFile; fileRef = 45F312EC2B8075CA00B13BC1 /* Assets.xcassets */; };
		45F312F02B8075CA00B13BC1 /* Preview Assets.xcassets in Resources */ = {isa = PBXBuildFile; fileRef = 45F312EF2B8075CA00B13BC1 /* Preview Assets.xcassets */; };
		45F312FA2B8075CA00B13BC1 /* FastSwiftBasicTests.swift in Sources */ = {isa = PBXBuildFile; fileRef = 45F312F92B8075CA00B13BC1 /* FastSwiftBasicTests.swift */; };
		45F313042B8075CA00B13BC1 /* FastSwiftBasicUITests.swift in Sources */ = {isa = PBXBuildFile; fileRef = 45F313032B8075CA00B13BC1 /* FastSwiftBasicUITests.swift */; };
		45F313062B8075CA00B13BC1 /* FastSwiftBasicUITestsLaunchTests.swift in Sources */ = {isa = PBXBuildFile; fileRef = 45F313052B8075CA00B13BC1 /* FastSwiftBasicUITestsLaunchTests.swift */; };
		45F313132B807E3100B13BC1 /* VariableType.swift in Sources */ = {isa = PBXBuildFile; fileRef = 45F313122B807E3100B13BC1 /* VariableType.swift */; };
		45F313152B80840900B13BC1 /* MyCollections.swift in Sources */ = {isa = PBXBuildFile; fileRef = 45F313142B80840900B13BC1 /* MyCollections.swift */; };
		45F313172B8097DD00B13BC1 /* Condition.swift in Sources */ = {isa = PBXBuildFile; fileRef = 45F313162B8097DD00B13BC1 /* Condition.swift */; };
		45F313192B809CDE00B13BC1 /* Loop.swift in Sources */ = {isa = PBXBuildFile; fileRef = 45F313182B809CDE00B13BC1 /* Loop.swift */; };
		45F3131D2B809E0000B13BC1 /* Function.swift in Sources */ = {isa = PBXBuildFile; fileRef = 45F3131C2B809E0000B13BC1 /* Function.swift */; };
		45F3131F2B83883800B13BC1 /* Half.swift in Sources */ = {isa = PBXBuildFile; fileRef = 45F3131E2B83883800B13BC1 /* Half.swift */; };
/* End PBXBuildFile section */

/* Begin PBXContainerItemProxy section */
		45F312F62B8075CA00B13BC1 /* PBXContainerItemProxy */ = {
			isa = PBXContainerItemProxy;
			containerPortal = 45F312DD2B8075C800B13BC1 /* Project object */;
			proxyType = 1;
			remoteGlobalIDString = 45F312E42B8075C800B13BC1;
			remoteInfo = FastSwiftBasic;
		};
		45F313002B8075CA00B13BC1 /* PBXContainerItemProxy */ = {
			isa = PBXContainerItemProxy;
			containerPortal = 45F312DD2B8075C800B13BC1 /* Project object */;
			proxyType = 1;
			remoteGlobalIDString = 45F312E42B8075C800B13BC1;
			remoteInfo = FastSwiftBasic;
		};
/* End PBXContainerItemProxy section */

/* Begin PBXFileReference section */
		4589ACF12B84CB5A00CC79A0 /* Elevator.swift */ = {isa = PBXFileReference; lastKnownFileType = sourcecode.swift; path = Elevator.swift; sourceTree = "<group>"; };
		4589ACF32B84D05A00CC79A0 /* Diff.swift */ = {isa = PBXFileReference; lastKnownFileType = sourcecode.swift; path = Diff.swift; sourceTree = "<group>"; };
		4589ACF52B84D65700CC79A0 /* Choice.swift */ = {isa = PBXFileReference; lastKnownFileType = sourcecode.swift; path = Choice.swift; sourceTree = "<group>"; };
		458C31952B862FA300667986 /* Selection.swift */ = {isa = PBXFileReference; lastKnownFileType = sourcecode.swift; path = Selection.swift; sourceTree = "<group>"; };
		458C31972B86345300667986 /* Nil.swift */ = {isa = PBXFileReference; lastKnownFileType = sourcecode.swift; path = Nil.swift; sourceTree = "<group>"; };
		45F312E52B8075C800B13BC1 /* FastSwiftBasic.app */ = {isa = PBXFileReference; explicitFileType = wrapper.application; includeInIndex = 0; path = FastSwiftBasic.app; sourceTree = BUILT_PRODUCTS_DIR; };
		45F312E82B8075C800B13BC1 /* FastSwiftBasicApp.swift */ = {isa = PBXFileReference; lastKnownFileType = sourcecode.swift; path = FastSwiftBasicApp.swift; sourceTree = "<group>"; };
		45F312EA2B8075C800B13BC1 /* ContentView.swift */ = {isa = PBXFileReference; lastKnownFileType = sourcecode.swift; path = ContentView.swift; sourceTree = "<group>"; };
		45F312EC2B8075CA00B13BC1 /* Assets.xcassets */ = {isa = PBXFileReference; lastKnownFileType = folder.assetcatalog; path = Assets.xcassets; sourceTree = "<group>"; };
		45F312EF2B8075CA00B13BC1 /* Preview Assets.xcassets */ = {isa = PBXFileReference; lastKnownFileType = folder.assetcatalog; path = "Preview Assets.xcassets"; sourceTree = "<group>"; };
		45F312F52B8075CA00B13BC1 /* FastSwiftBasicTests.xctest */ = {isa = PBXFileReference; explicitFileType = wrapper.cfbundle; includeInIndex = 0; path = FastSwiftBasicTests.xctest; sourceTree = BUILT_PRODUCTS_DIR; };
		45F312F92B8075CA00B13BC1 /* FastSwiftBasicTests.swift */ = {isa = PBXFileReference; lastKnownFileType = sourcecode.swift; path = FastSwiftBasicTests.swift; sourceTree = "<group>"; };
		45F312FF2B8075CA00B13BC1 /* FastSwiftBasicUITests.xctest */ = {isa = PBXFileReference; explicitFileType = wrapper.cfbundle; includeInIndex = 0; path = FastSwiftBasicUITests.xctest; sourceTree = BUILT_PRODUCTS_DIR; };
		45F313032B8075CA00B13BC1 /* FastSwiftBasicUITests.swift */ = {isa = PBXFileReference; lastKnownFileType = sourcecode.swift; path = FastSwiftBasicUITests.swift; sourceTree = "<group>"; };
		45F313052B8075CA00B13BC1 /* FastSwiftBasicUITestsLaunchTests.swift */ = {isa = PBXFileReference; lastKnownFileType = sourcecode.swift; path = FastSwiftBasicUITestsLaunchTests.swift; sourceTree = "<group>"; };
		45F313122B807E3100B13BC1 /* VariableType.swift */ = {isa = PBXFileReference; lastKnownFileType = sourcecode.swift; path = VariableType.swift; sourceTree = "<group>"; };
		45F313142B80840900B13BC1 /* MyCollections.swift */ = {isa = PBXFileReference; lastKnownFileType = sourcecode.swift; path = MyCollections.swift; sourceTree = "<group>"; };
		45F313162B8097DD00B13BC1 /* Condition.swift */ = {isa = PBXFileReference; lastKnownFileType = sourcecode.swift; path = Condition.swift; sourceTree = "<group>"; };
		45F313182B809CDE00B13BC1 /* Loop.swift */ = {isa = PBXFileReference; lastKnownFileType = sourcecode.swift; path = Loop.swift; sourceTree = "<group>"; };
		45F3131C2B809E0000B13BC1 /* Function.swift */ = {isa = PBXFileReference; lastKnownFileType = sourcecode.swift; path = Function.swift; sourceTree = "<group>"; };
		45F3131E2B83883800B13BC1 /* Half.swift */ = {isa = PBXFileReference; lastKnownFileType = sourcecode.swift; path = Half.swift; sourceTree = "<group>"; };
/* End PBXFileReference section */

/* Begin PBXFrameworksBuildPhase section */
		45F312E22B8075C800B13BC1 /* Frameworks */ = {
			isa = PBXFrameworksBuildPhase;
			buildActionMask = 2147483647;
			files = (
			);
			runOnlyForDeploymentPostprocessing = 0;
		};
		45F312F22B8075CA00B13BC1 /* Frameworks */ = {
			isa = PBXFrameworksBuildPhase;
			buildActionMask = 2147483647;
			files = (
			);
			runOnlyForDeploymentPostprocessing = 0;
		};
		45F312FC2B8075CA00B13BC1 /* Frameworks */ = {
			isa = PBXFrameworksBuildPhase;
			buildActionMask = 2147483647;
			files = (
			);
			runOnlyForDeploymentPostprocessing = 0;
		};
/* End PBXFrameworksBuildPhase section */

/* Begin PBXGroup section */
		45F312DC2B8075C800B13BC1 = {
			isa = PBXGroup;
			children = (
				45F312E72B8075C800B13BC1 /* FastSwiftBasic */,
				45F312F82B8075CA00B13BC1 /* FastSwiftBasicTests */,
				45F313022B8075CA00B13BC1 /* FastSwiftBasicUITests */,
				45F312E62B8075C800B13BC1 /* Products */,
			);
			sourceTree = "<group>";
		};
		45F312E62B8075C800B13BC1 /* Products */ = {
			isa = PBXGroup;
			children = (
				45F312E52B8075C800B13BC1 /* FastSwiftBasic.app */,
				45F312F52B8075CA00B13BC1 /* FastSwiftBasicTests.xctest */,
				45F312FF2B8075CA00B13BC1 /* FastSwiftBasicUITests.xctest */,
			);
			name = Products;
			sourceTree = "<group>";
		};
		45F312E72B8075C800B13BC1 /* FastSwiftBasic */ = {
			isa = PBXGroup;
			children = (
				45F312E82B8075C800B13BC1 /* FastSwiftBasicApp.swift */,
				45F312EA2B8075C800B13BC1 /* ContentView.swift */,
				45F312EC2B8075CA00B13BC1 /* Assets.xcassets */,
				45F312EE2B8075CA00B13BC1 /* Preview Content */,
				45F313122B807E3100B13BC1 /* VariableType.swift */,
				45F313142B80840900B13BC1 /* MyCollections.swift */,
				45F313162B8097DD00B13BC1 /* Condition.swift */,
				45F313182B809CDE00B13BC1 /* Loop.swift */,
				45F3131C2B809E0000B13BC1 /* Function.swift */,
				45F3131E2B83883800B13BC1 /* Half.swift */,
				4589ACF12B84CB5A00CC79A0 /* Elevator.swift */,
				4589ACF32B84D05A00CC79A0 /* Diff.swift */,
				4589ACF52B84D65700CC79A0 /* Choice.swift */,
				458C31952B862FA300667986 /* Selection.swift */,
				458C31972B86345300667986 /* Nil.swift */,
			);
			path = FastSwiftBasic;
			sourceTree = "<group>";
		};
		45F312EE2B8075CA00B13BC1 /* Preview Content */ = {
			isa = PBXGroup;
			children = (
				45F312EF2B8075CA00B13BC1 /* Preview Assets.xcassets */,
			);
			path = "Preview Content";
			sourceTree = "<group>";
		};
		45F312F82B8075CA00B13BC1 /* FastSwiftBasicTests */ = {
			isa = PBXGroup;
			children = (
				45F312F92B8075CA00B13BC1 /* FastSwiftBasicTests.swift */,
			);
			path = FastSwiftBasicTests;
			sourceTree = "<group>";
		};
		45F313022B8075CA00B13BC1 /* FastSwiftBasicUITests */ = {
			isa = PBXGroup;
			children = (
				45F313032B8075CA00B13BC1 /* FastSwiftBasicUITests.swift */,
				45F313052B8075CA00B13BC1 /* FastSwiftBasicUITestsLaunchTests.swift */,
			);
			path = FastSwiftBasicUITests;
			sourceTree = "<group>";
		};
/* End PBXGroup section */

/* Begin PBXNativeTarget section */
		45F312E42B8075C800B13BC1 /* FastSwiftBasic */ = {
			isa = PBXNativeTarget;
			buildConfigurationList = 45F313092B8075CA00B13BC1 /* Build configuration list for PBXNativeTarget "FastSwiftBasic" */;
			buildPhases = (
				45F312E12B8075C800B13BC1 /* Sources */,
				45F312E22B8075C800B13BC1 /* Frameworks */,
				45F312E32B8075C800B13BC1 /* Resources */,
			);
			buildRules = (
			);
			dependencies = (
			);
			name = FastSwiftBasic;
			productName = FastSwiftBasic;
			productReference = 45F312E52B8075C800B13BC1 /* FastSwiftBasic.app */;
			productType = "com.apple.product-type.application";
		};
		45F312F42B8075CA00B13BC1 /* FastSwiftBasicTests */ = {
			isa = PBXNativeTarget;
			buildConfigurationList = 45F3130C2B8075CA00B13BC1 /* Build configuration list for PBXNativeTarget "FastSwiftBasicTests" */;
			buildPhases = (
				45F312F12B8075CA00B13BC1 /* Sources */,
				45F312F22B8075CA00B13BC1 /* Frameworks */,
				45F312F32B8075CA00B13BC1 /* Resources */,
			);
			buildRules = (
			);
			dependencies = (
				45F312F72B8075CA00B13BC1 /* PBXTargetDependency */,
			);
			name = FastSwiftBasicTests;
			productName = FastSwiftBasicTests;
			productReference = 45F312F52B8075CA00B13BC1 /* FastSwiftBasicTests.xctest */;
			productType = "com.apple.product-type.bundle.unit-test";
		};
		45F312FE2B8075CA00B13BC1 /* FastSwiftBasicUITests */ = {
			isa = PBXNativeTarget;
			buildConfigurationList = 45F3130F2B8075CA00B13BC1 /* Build configuration list for PBXNativeTarget "FastSwiftBasicUITests" */;
			buildPhases = (
				45F312FB2B8075CA00B13BC1 /* Sources */,
				45F312FC2B8075CA00B13BC1 /* Frameworks */,
				45F312FD2B8075CA00B13BC1 /* Resources */,
			);
			buildRules = (
			);
			dependencies = (
				45F313012B8075CA00B13BC1 /* PBXTargetDependency */,
			);
			name = FastSwiftBasicUITests;
			productName = FastSwiftBasicUITests;
			productReference = 45F312FF2B8075CA00B13BC1 /* FastSwiftBasicUITests.xctest */;
			productType = "com.apple.product-type.bundle.ui-testing";
		};
/* End PBXNativeTarget section */

/* Begin PBXProject section */
		45F312DD2B8075C800B13BC1 /* Project object */ = {
			isa = PBXProject;
			attributes = {
				BuildIndependentTargetsInParallel = 1;
				LastSwiftUpdateCheck = 1520;
				LastUpgradeCheck = 1520;
				TargetAttributes = {
					45F312E42B8075C800B13BC1 = {
						CreatedOnToolsVersion = 15.2;
					};
					45F312F42B8075CA00B13BC1 = {
						CreatedOnToolsVersion = 15.2;
						TestTargetID = 45F312E42B8075C800B13BC1;
					};
					45F312FE2B8075CA00B13BC1 = {
						CreatedOnToolsVersion = 15.2;
						TestTargetID = 45F312E42B8075C800B13BC1;
					};
				};
			};
			buildConfigurationList = 45F312E02B8075C800B13BC1 /* Build configuration list for PBXProject "FastSwiftBasic" */;
			compatibilityVersion = "Xcode 14.0";
			developmentRegion = en;
			hasScannedForEncodings = 0;
			knownRegions = (
				en,
				Base,
			);
			mainGroup = 45F312DC2B8075C800B13BC1;
			productRefGroup = 45F312E62B8075C800B13BC1 /* Products */;
			projectDirPath = "";
			projectRoot = "";
			targets = (
				45F312E42B8075C800B13BC1 /* FastSwiftBasic */,
				45F312F42B8075CA00B13BC1 /* FastSwiftBasicTests */,
				45F312FE2B8075CA00B13BC1 /* FastSwiftBasicUITests */,
			);
		};
/* End PBXProject section */

/* Begin PBXResourcesBuildPhase section */
		45F312E32B8075C800B13BC1 /* Resources */ = {
			isa = PBXResourcesBuildPhase;
			buildActionMask = 2147483647;
			files = (
				45F312F02B8075CA00B13BC1 /* Preview Assets.xcassets in Resources */,
				45F312ED2B8075CA00B13BC1 /* Assets.xcassets in Resources */,
			);
			runOnlyForDeploymentPostprocessing = 0;
		};
		45F312F32B8075CA00B13BC1 /* Resources */ = {
			isa = PBXResourcesBuildPhase;
			buildActionMask = 2147483647;
			files = (
			);
			runOnlyForDeploymentPostprocessing = 0;
		};
		45F312FD2B8075CA00B13BC1 /* Resources */ = {
			isa = PBXResourcesBuildPhase;
			buildActionMask = 2147483647;
			files = (
			);
			runOnlyForDeploymentPostprocessing = 0;
		};
/* End PBXResourcesBuildPhase section */

/* Begin PBXSourcesBuildPhase section */
		45F312E12B8075C800B13BC1 /* Sources */ = {
			isa = PBXSourcesBuildPhase;
			buildActionMask = 2147483647;
			files = (
				458C31962B862FA300667986 /* Selection.swift in Sources */,
				45F3131F2B83883800B13BC1 /* Half.swift in Sources */,
				45F313132B807E3100B13BC1 /* VariableType.swift in Sources */,
				4589ACF62B84D65700CC79A0 /* Choice.swift in Sources */,
				45F312EB2B8075C800B13BC1 /* ContentView.swift in Sources */,
				45F3131D2B809E0000B13BC1 /* Function.swift in Sources */,
				45F312E92B8075C800B13BC1 /* FastSwiftBasicApp.swift in Sources */,
				45F313192B809CDE00B13BC1 /* Loop.swift in Sources */,
				458C31982B86345300667986 /* Nil.swift in Sources */,
				4589ACF42B84D05A00CC79A0 /* Diff.swift in Sources */,
				45F313152B80840900B13BC1 /* MyCollections.swift in Sources */,
				45F313172B8097DD00B13BC1 /* Condition.swift in Sources */,
				4589ACF22B84CB5A00CC79A0 /* Elevator.swift in Sources */,
			);
			runOnlyForDeploymentPostprocessing = 0;
		};
		45F312F12B8075CA00B13BC1 /* Sources */ = {
			isa = PBXSourcesBuildPhase;
			buildActionMask = 2147483647;
			files = (
				45F312FA2B8075CA00B13BC1 /* FastSwiftBasicTests.swift in Sources */,
			);
			runOnlyForDeploymentPostprocessing = 0;
		};
		45F312FB2B8075CA00B13BC1 /* Sources */ = {
			isa = PBXSourcesBuildPhase;
			buildActionMask = 2147483647;
			files = (
				45F313042B8075CA00B13BC1 /* FastSwiftBasicUITests.swift in Sources */,
				45F313062B8075CA00B13BC1 /* FastSwiftBasicUITestsLaunchTests.swift in Sources */,
			);
			runOnlyForDeploymentPostprocessing = 0;
		};
/* End PBXSourcesBuildPhase section */

/* Begin PBXTargetDependency section */
		45F312F72B8075CA00B13BC1 /* PBXTargetDependency */ = {
			isa = PBXTargetDependency;
			target = 45F312E42B8075C800B13BC1 /* FastSwiftBasic */;
			targetProxy = 45F312F62B8075CA00B13BC1 /* PBXContainerItemProxy */;
		};
		45F313012B8075CA00B13BC1 /* PBXTargetDependency */ = {
			isa = PBXTargetDependency;
			target = 45F312E42B8075C800B13BC1 /* FastSwiftBasic */;
			targetProxy = 45F313002B8075CA00B13BC1 /* PBXContainerItemProxy */;
		};
/* End PBXTargetDependency section */

/* Begin XCBuildConfiguration section */
		45F313072B8075CA00B13BC1 /* Debug */ = {
			isa = XCBuildConfiguration;
			buildSettings = {
				ALWAYS_SEARCH_USER_PATHS = NO;
				ASSETCATALOG_COMPILER_GENERATE_SWIFT_ASSET_SYMBOL_EXTENSIONS = YES;
				CLANG_ANALYZER_NONNULL = YES;
				CLANG_ANALYZER_NUMBER_OBJECT_CONVERSION = YES_AGGRESSIVE;
				CLANG_CXX_LANGUAGE_STANDARD = "gnu++20";
				CLANG_ENABLE_MODULES = YES;
				CLANG_ENABLE_OBJC_ARC = YES;
				CLANG_ENABLE_OBJC_WEAK = YES;
				CLANG_WARN_BLOCK_CAPTURE_AUTORELEASING = YES;
				CLANG_WARN_BOOL_CONVERSION = YES;
				CLANG_WARN_COMMA = YES;
				CLANG_WARN_CONSTANT_CONVERSION = YES;
				CLANG_WARN_DEPRECATED_OBJC_IMPLEMENTATIONS = YES;
				CLANG_WARN_DIRECT_OBJC_ISA_USAGE = YES_ERROR;
				CLANG_WARN_DOCUMENTATION_COMMENTS = YES;
				CLANG_WARN_EMPTY_BODY = YES;
				CLANG_WARN_ENUM_CONVERSION = YES;
				CLANG_WARN_INFINITE_RECURSION = YES;
				CLANG_WARN_INT_CONVERSION = YES;
				CLANG_WARN_NON_LITERAL_NULL_CONVERSION = YES;
				CLANG_WARN_OBJC_IMPLICIT_RETAIN_SELF = YES;
				CLANG_WARN_OBJC_LITERAL_CONVERSION = YES;
				CLANG_WARN_OBJC_ROOT_CLASS = YES_ERROR;
				CLANG_WARN_QUOTED_INCLUDE_IN_FRAMEWORK_HEADER = YES;
				CLANG_WARN_RANGE_LOOP_ANALYSIS = YES;
				CLANG_WARN_STRICT_PROTOTYPES = YES;
				CLANG_WARN_SUSPICIOUS_MOVE = YES;
				CLANG_WARN_UNGUARDED_AVAILABILITY = YES_AGGRESSIVE;
				CLANG_WARN_UNREACHABLE_CODE = YES;
				CLANG_WARN__DUPLICATE_METHOD_MATCH = YES;
				COPY_PHASE_STRIP = NO;
				DEBUG_INFORMATION_FORMAT = dwarf;
				ENABLE_STRICT_OBJC_MSGSEND = YES;
				ENABLE_TESTABILITY = YES;
				ENABLE_USER_SCRIPT_SANDBOXING = YES;
				GCC_C_LANGUAGE_STANDARD = gnu17;
				GCC_DYNAMIC_NO_PIC = NO;
				GCC_NO_COMMON_BLOCKS = YES;
				GCC_OPTIMIZATION_LEVEL = 0;
				GCC_PREPROCESSOR_DEFINITIONS = (
					"DEBUG=1",
					"$(inherited)",
				);
				GCC_WARN_64_TO_32_BIT_CONVERSION = YES;
				GCC_WARN_ABOUT_RETURN_TYPE = YES_ERROR;
				GCC_WARN_UNDECLARED_SELECTOR = YES;
				GCC_WARN_UNINITIALIZED_AUTOS = YES_AGGRESSIVE;
				GCC_WARN_UNUSED_FUNCTION = YES;
				GCC_WARN_UNUSED_VARIABLE = YES;
				IPHONEOS_DEPLOYMENT_TARGET = 17.2;
				LOCALIZATION_PREFERS_STRING_CATALOGS = YES;
				MTL_ENABLE_DEBUG_INFO = INCLUDE_SOURCE;
				MTL_FAST_MATH = YES;
				ONLY_ACTIVE_ARCH = YES;
				SDKROOT = iphoneos;
				SWIFT_ACTIVE_COMPILATION_CONDITIONS = "DEBUG $(inherited)";
				SWIFT_OPTIMIZATION_LEVEL = "-Onone";
			};
			name = Debug;
		};
		45F313082B8075CA00B13BC1 /* Release */ = {
			isa = XCBuildConfiguration;
			buildSettings = {
				ALWAYS_SEARCH_USER_PATHS = NO;
				ASSETCATALOG_COMPILER_GENERATE_SWIFT_ASSET_SYMBOL_EXTENSIONS = YES;
				CLANG_ANALYZER_NONNULL = YES;
				CLANG_ANALYZER_NUMBER_OBJECT_CONVERSION = YES_AGGRESSIVE;
				CLANG_CXX_LANGUAGE_STANDARD = "gnu++20";
				CLANG_ENABLE_MODULES = YES;
				CLANG_ENABLE_OBJC_ARC = YES;
				CLANG_ENABLE_OBJC_WEAK = YES;
				CLANG_WARN_BLOCK_CAPTURE_AUTORELEASING = YES;
				CLANG_WARN_BOOL_CONVERSION = YES;
				CLANG_WARN_COMMA = YES;
				CLANG_WARN_CONSTANT_CONVERSION = YES;
				CLANG_WARN_DEPRECATED_OBJC_IMPLEMENTATIONS = YES;
				CLANG_WARN_DIRECT_OBJC_ISA_USAGE = YES_ERROR;
				CLANG_WARN_DOCUMENTATION_COMMENTS = YES;
				CLANG_WARN_EMPTY_BODY = YES;
				CLANG_WARN_ENUM_CONVERSION = YES;
				CLANG_WARN_INFINITE_RECURSION = YES;
				CLANG_WARN_INT_CONVERSION = YES;
				CLANG_WARN_NON_LITERAL_NULL_CONVERSION = YES;
				CLANG_WARN_OBJC_IMPLICIT_RETAIN_SELF = YES;
				CLANG_WARN_OBJC_LITERAL_CONVERSION = YES;
				CLANG_WARN_OBJC_ROOT_CLASS = YES_ERROR;
				CLANG_WARN_QUOTED_INCLUDE_IN_FRAMEWORK_HEADER = YES;
				CLANG_WARN_RANGE_LOOP_ANALYSIS = YES;
				CLANG_WARN_STRICT_PROTOTYPES = YES;
				CLANG_WARN_SUSPICIOUS_MOVE = YES;
				CLANG_WARN_UNGUARDED_AVAILABILITY = YES_AGGRESSIVE;
				CLANG_WARN_UNREACHABLE_CODE = YES;
				CLANG_WARN__DUPLICATE_METHOD_MATCH = YES;
				COPY_PHASE_STRIP = NO;
				DEBUG_INFORMATION_FORMAT = "dwarf-with-dsym";
				ENABLE_NS_ASSERTIONS = NO;
				ENABLE_STRICT_OBJC_MSGSEND = YES;
				ENABLE_USER_SCRIPT_SANDBOXING = YES;
				GCC_C_LANGUAGE_STANDARD = gnu17;
				GCC_NO_COMMON_BLOCKS = YES;
				GCC_WARN_64_TO_32_BIT_CONVERSION = YES;
				GCC_WARN_ABOUT_RETURN_TYPE = YES_ERROR;
				GCC_WARN_UNDECLARED_SELECTOR = YES;
				GCC_WARN_UNINITIALIZED_AUTOS = YES_AGGRESSIVE;
				GCC_WARN_UNUSED_FUNCTION = YES;
				GCC_WARN_UNUSED_VARIABLE = YES;
				IPHONEOS_DEPLOYMENT_TARGET = 17.2;
				LOCALIZATION_PREFERS_STRING_CATALOGS = YES;
				MTL_ENABLE_DEBUG_INFO = NO;
				MTL_FAST_MATH = YES;
				SDKROOT = iphoneos;
				SWIFT_COMPILATION_MODE = wholemodule;
				VALIDATE_PRODUCT = YES;
			};
			name = Release;
		};
		45F3130A2B8075CA00B13BC1 /* Debug */ = {
			isa = XCBuildConfiguration;
			buildSettings = {
				ASSETCATALOG_COMPILER_APPICON_NAME = AppIcon;
				ASSETCATALOG_COMPILER_GLOBAL_ACCENT_COLOR_NAME = AccentColor;
				CODE_SIGN_STYLE = Automatic;
				CURRENT_PROJECT_VERSION = 1;
				DEVELOPMENT_ASSET_PATHS = "\"FastSwiftBasic/Preview Content\"";
				ENABLE_PREVIEWS = YES;
				GENERATE_INFOPLIST_FILE = YES;
				INFOPLIST_KEY_UIApplicationSceneManifest_Generation = YES;
				INFOPLIST_KEY_UIApplicationSupportsIndirectInputEvents = YES;
				INFOPLIST_KEY_UILaunchScreen_Generation = YES;
				INFOPLIST_KEY_UISupportedInterfaceOrientations_iPad = "UIInterfaceOrientationPortrait UIInterfaceOrientationPortraitUpsideDown UIInterfaceOrientationLandscapeLeft UIInterfaceOrientationLandscapeRight";
				INFOPLIST_KEY_UISupportedInterfaceOrientations_iPhone = "UIInterfaceOrientationPortrait UIInterfaceOrientationLandscapeLeft UIInterfaceOrientationLandscapeRight";
				LD_RUNPATH_SEARCH_PATHS = (
					"$(inherited)",
					"@executable_path/Frameworks",
				);
				MARKETING_VERSION = 1.0;
				PRODUCT_BUNDLE_IDENTIFIER = com.study.FastSwiftBasic;
				PRODUCT_NAME = "$(TARGET_NAME)";
				SWIFT_EMIT_LOC_STRINGS = YES;
				SWIFT_VERSION = 5.0;
				TARGETED_DEVICE_FAMILY = "1,2";
			};
			name = Debug;
		};
		45F3130B2B8075CA00B13BC1 /* Release */ = {
			isa = XCBuildConfiguration;
			buildSettings = {
				ASSETCATALOG_COMPILER_APPICON_NAME = AppIcon;
				ASSETCATALOG_COMPILER_GLOBAL_ACCENT_COLOR_NAME = AccentColor;
				CODE_SIGN_STYLE = Automatic;
				CURRENT_PROJECT_VERSION = 1;
				DEVELOPMENT_ASSET_PATHS = "\"FastSwiftBasic/Preview Content\"";
				ENABLE_PREVIEWS = YES;
				GENERATE_INFOPLIST_FILE = YES;
				INFOPLIST_KEY_UIApplicationSceneManifest_Generation = YES;
				INFOPLIST_KEY_UIApplicationSupportsIndirectInputEvents = YES;
				INFOPLIST_KEY_UILaunchScreen_Generation = YES;
				INFOPLIST_KEY_UISupportedInterfaceOrientations_iPad = "UIInterfaceOrientationPortrait UIInterfaceOrientationPortraitUpsideDown UIInterfaceOrientationLandscapeLeft UIInterfaceOrientationLandscapeRight";
				INFOPLIST_KEY_UISupportedInterfaceOrientations_iPhone = "UIInterfaceOrientationPortrait UIInterfaceOrientationLandscapeLeft UIInterfaceOrientationLandscapeRight";
				LD_RUNPATH_SEARCH_PATHS = (
					"$(inherited)",
					"@executable_path/Frameworks",
				);
				MARKETING_VERSION = 1.0;
				PRODUCT_BUNDLE_IDENTIFIER = com.study.FastSwiftBasic;
				PRODUCT_NAME = "$(TARGET_NAME)";
				SWIFT_EMIT_LOC_STRINGS = YES;
				SWIFT_VERSION = 5.0;
				TARGETED_DEVICE_FAMILY = "1,2";
			};
			name = Release;
		};
		45F3130D2B8075CA00B13BC1 /* Debug */ = {
			isa = XCBuildConfiguration;
			buildSettings = {
				ALWAYS_EMBED_SWIFT_STANDARD_LIBRARIES = YES;
				BUNDLE_LOADER = "$(TEST_HOST)";
				CODE_SIGN_STYLE = Automatic;
				CURRENT_PROJECT_VERSION = 1;
				GENERATE_INFOPLIST_FILE = YES;
				IPHONEOS_DEPLOYMENT_TARGET = 17.2;
				MARKETING_VERSION = 1.0;
				PRODUCT_BUNDLE_IDENTIFIER = com.study.FastSwiftBasicTests;
				PRODUCT_NAME = "$(TARGET_NAME)";
				SWIFT_EMIT_LOC_STRINGS = NO;
				SWIFT_VERSION = 5.0;
				TARGETED_DEVICE_FAMILY = "1,2";
				TEST_HOST = "$(BUILT_PRODUCTS_DIR)/FastSwiftBasic.app/$(BUNDLE_EXECUTABLE_FOLDER_PATH)/FastSwiftBasic";
			};
			name = Debug;
		};
		45F3130E2B8075CA00B13BC1 /* Release */ = {
			isa = XCBuildConfiguration;
			buildSettings = {
				ALWAYS_EMBED_SWIFT_STANDARD_LIBRARIES = YES;
				BUNDLE_LOADER = "$(TEST_HOST)";
				CODE_SIGN_STYLE = Automatic;
				CURRENT_PROJECT_VERSION = 1;
				GENERATE_INFOPLIST_FILE = YES;
				IPHONEOS_DEPLOYMENT_TARGET = 17.2;
				MARKETING_VERSION = 1.0;
				PRODUCT_BUNDLE_IDENTIFIER = com.study.FastSwiftBasicTests;
				PRODUCT_NAME = "$(TARGET_NAME)";
				SWIFT_EMIT_LOC_STRINGS = NO;
				SWIFT_VERSION = 5.0;
				TARGETED_DEVICE_FAMILY = "1,2";
				TEST_HOST = "$(BUILT_PRODUCTS_DIR)/FastSwiftBasic.app/$(BUNDLE_EXECUTABLE_FOLDER_PATH)/FastSwiftBasic";
			};
			name = Release;
		};
		45F313102B8075CA00B13BC1 /* Debug */ = {
			isa = XCBuildConfiguration;
			buildSettings = {
				ALWAYS_EMBED_SWIFT_STANDARD_LIBRARIES = YES;
				CODE_SIGN_STYLE = Automatic;
				CURRENT_PROJECT_VERSION = 1;
				GENERATE_INFOPLIST_FILE = YES;
				MARKETING_VERSION = 1.0;
				PRODUCT_BUNDLE_IDENTIFIER = com.study.FastSwiftBasicUITests;
				PRODUCT_NAME = "$(TARGET_NAME)";
				SWIFT_EMIT_LOC_STRINGS = NO;
				SWIFT_VERSION = 5.0;
				TARGETED_DEVICE_FAMILY = "1,2";
				TEST_TARGET_NAME = FastSwiftBasic;
			};
			name = Debug;
		};
		45F313112B8075CA00B13BC1 /* Release */ = {
			isa = XCBuildConfiguration;
			buildSettings = {
				ALWAYS_EMBED_SWIFT_STANDARD_LIBRARIES = YES;
				CODE_SIGN_STYLE = Automatic;
				CURRENT_PROJECT_VERSION = 1;
				GENERATE_INFOPLIST_FILE = YES;
				MARKETING_VERSION = 1.0;
				PRODUCT_BUNDLE_IDENTIFIER = com.study.FastSwiftBasicUITests;
				PRODUCT_NAME = "$(TARGET_NAME)";
				SWIFT_EMIT_LOC_STRINGS = NO;
				SWIFT_VERSION = 5.0;
				TARGETED_DEVICE_FAMILY = "1,2";
				TEST_TARGET_NAME = FastSwiftBasic;
			};
			name = Release;
		};
/* End XCBuildConfiguration section */

/* Begin XCConfigurationList section */
		45F312E02B8075C800B13BC1 /* Build configuration list for PBXProject "FastSwiftBasic" */ = {
			isa = XCConfigurationList;
			buildConfigurations = (
				45F313072B8075CA00B13BC1 /* Debug */,
				45F313082B8075CA00B13BC1 /* Release */,
			);
			defaultConfigurationIsVisible = 0;
			defaultConfigurationName = Release;
		};
		45F313092B8075CA00B13BC1 /* Build configuration list for PBXNativeTarget "FastSwiftBasic" */ = {
			isa = XCConfigurationList;
			buildConfigurations = (
				45F3130A2B8075CA00B13BC1 /* Debug */,
				45F3130B2B8075CA00B13BC1 /* Release */,
			);
			defaultConfigurationIsVisible = 0;
			defaultConfigurationName = Release;
		};
		45F3130C2B8075CA00B13BC1 /* Build configuration list for PBXNativeTarget "FastSwiftBasicTests" */ = {
			isa = XCConfigurationList;
			buildConfigurations = (
				45F3130D2B8075CA00B13BC1 /* Debug */,
				45F3130E2B8075CA00B13BC1 /* Release */,
			);
			defaultConfigurationIsVisible = 0;
			defaultConfigurationName = Release;
		};
		45F3130F2B8075CA00B13BC1 /* Build configuration list for PBXNativeTarget "FastSwiftBasicUITests" */ = {
			isa = XCConfigurationList;
			buildConfigurations = (
				45F313102B8075CA00B13BC1 /* Debug */,
				45F313112B8075CA00B13BC1 /* Release */,
			);
			defaultConfigurationIsVisible = 0;
			defaultConfigurationName = Release;
		};
/* End XCConfigurationList section */
	};
	rootObject = 45F312DD2B8075C800B13BC1 /* Project object */;
}
